
Microsoft Visual Studio Solution File, Format Version 12.00
# Visual Studio 15
VisualStudioVersion = 15.0.27130.2010
MinimumVisualStudioVersion = 10.0.40219.1
Project("{888888A0-9F3D-457C-B088-3A5042F75D52}") = "SimulationClient", "SimulationClient\SimulationClient.pyproj", "{FD73A0F7-4C6E-4836-B350-681BA2BFA6B9}"
EndProject
Global
	GlobalSection(SolutionConfigurationPlatforms) = preSolution
		Debug|Any CPU = Debug|Any CPU
		Release|Any CPU = Release|Any CPU
	EndGlobalSection
	GlobalSection(ProjectConfigurationPlatforms) = postSolution
		{FD73A0F7-4C6E-4836-B350-681BA2BFA6B9}.Debug|Any CPU.ActiveCfg = Debug|Any CPU
		{FD73A0F7-4C6E-4836-B350-681BA2BFA6B9}.Release|Any CPU.ActiveCfg = Release|Any CPU
	EndGlobalSection
	GlobalSection(SolutionProperties) = preSolution
		HideSolutionNode = FALSE
	EndGlobalSection
	GlobalSection(ExtensibilityGlobals) = postSolution
		SolutionGuid = {83130E8D-A567-42D8-8783-D406C6B7E0D1}
	EndGlobalSection
EndGlobal
